
Microsoft Visual Studio Solution File, Format Version 12.00
# Visual Studio Version 16
VisualStudioVersion = 16.0.29728.190
MinimumVisualStudioVersion = 10.0.40219.1
Project("{9A19103F-16F7-4668-BE54-9A1E7A4F7556}") = "HomeTask_1", "HomeTask_1\HomeTask_1.csproj", "{024E23F1-6A06-4FED-B113-BAB8C26C9D2D}"
EndProject
Project("{9A19103F-16F7-4668-BE54-9A1E7A4F7556}") = "HomeTask_1.2", "HomeTask_1.2\HomeTask_1.2.csproj", "{B9799982-CBF2-43AB-8697-052BEFD4D0FD}"
	ProjectSection(ProjectDependencies) = postProject
		{024E23F1-6A06-4FED-B113-BAB8C26C9D2D} = {024E23F1-6A06-4FED-B113-BAB8C26C9D2D}
	EndProjectSection
EndProject
Project("{9A19103F-16F7-4668-BE54-9A1E7A4F7556}") = "HomeTask_1.3", "HomeTask_1.3\HomeTask_1.3.csproj", "{41F2D3A0-8E31-4F16-84D7-E73C7D1D2495}"
EndProject
Global
	GlobalSection(SolutionConfigurationPlatforms) = preSolution
		Debug|Any CPU = Debug|Any CPU
		Release|Any CPU = Release|Any CPU
	EndGlobalSection
	GlobalSection(ProjectConfigurationPlatforms) = postSolution
		{024E23F1-6A06-4FED-B113-BAB8C26C9D2D}.Debug|Any CPU.ActiveCfg = Debug|Any CPU
		{024E23F1-6A06-4FED-B113-BAB8C26C9D2D}.Debug|Any CPU.Build.0 = Debug|Any CPU
		{024E23F1-6A06-4FED-B113-BAB8C26C9D2D}.Release|Any CPU.ActiveCfg = Release|Any CPU
		{024E23F1-6A06-4FED-B113-BAB8C26C9D2D}.Release|Any CPU.Build.0 = Release|Any CPU
		{B9799982-CBF2-43AB-8697-052BEFD4D0FD}.Debug|Any CPU.ActiveCfg = Debug|Any CPU
		{B9799982-CBF2-43AB-8697-052BEFD4D0FD}.Debug|Any CPU.Build.0 = Debug|Any CPU
		{B9799982-CBF2-43AB-8697-052BEFD4D0FD}.Release|Any CPU.ActiveCfg = Release|Any CPU
		{B9799982-CBF2-43AB-8697-052BEFD4D0FD}.Release|Any CPU.Build.0 = Release|Any CPU
		{41F2D3A0-8E31-4F16-84D7-E73C7D1D2495}.Debug|Any CPU.ActiveCfg = Debug|Any CPU
		{41F2D3A0-8E31-4F16-84D7-E73C7D1D2495}.Debug|Any CPU.Build.0 = Debug|Any CPU
		{41F2D3A0-8E31-4F16-84D7-E73C7D1D2495}.Release|Any CPU.ActiveCfg = Release|Any CPU
		{41F2D3A0-8E31-4F16-84D7-E73C7D1D2495}.Release|Any CPU.Build.0 = Release|Any CPU
	EndGlobalSection
	GlobalSection(SolutionProperties) = preSolution
		HideSolutionNode = FALSE
	EndGlobalSection
	GlobalSection(ExtensibilityGlobals) = postSolution
		SolutionGuid = {1BB49F9E-8B52-41A9-A9E8-3E75859F3405}
	EndGlobalSection
EndGlobal
