
Microsoft Visual Studio Solution File, Format Version 12.00
# Visual Studio Version 16
VisualStudioVersion = 16.0.29728.190
MinimumVisualStudioVersion = 10.0.40219.1
Project("{FAE04EC0-301F-11D3-BF4B-00C04F79EFBC}") = "Task 7.1", "Task 7\Task 7.1.csproj", "{00A4E4EF-FF77-4798-8400-0ACD974847C2}"
EndProject
Project("{FAE04EC0-301F-11D3-BF4B-00C04F79EFBC}") = "Task 7.2", "Task 7.2\Task 7.2.csproj", "{C2EA44B0-0E4A-44E4-8EBC-DE96E8ED9489}"
EndProject
Global
	GlobalSection(SolutionConfigurationPlatforms) = preSolution
		Debug|Any CPU = Debug|Any CPU
		Release|Any CPU = Release|Any CPU
	EndGlobalSection
	GlobalSection(ProjectConfigurationPlatforms) = postSolution
		{00A4E4EF-FF77-4798-8400-0ACD974847C2}.Debug|Any CPU.ActiveCfg = Debug|Any CPU
		{00A4E4EF-FF77-4798-8400-0ACD974847C2}.Debug|Any CPU.Build.0 = Debug|Any CPU
		{00A4E4EF-FF77-4798-8400-0ACD974847C2}.Release|Any CPU.ActiveCfg = Release|Any CPU
		{00A4E4EF-FF77-4798-8400-0ACD974847C2}.Release|Any CPU.Build.0 = Release|Any CPU
		{C2EA44B0-0E4A-44E4-8EBC-DE96E8ED9489}.Debug|Any CPU.ActiveCfg = Debug|Any CPU
		{C2EA44B0-0E4A-44E4-8EBC-DE96E8ED9489}.Debug|Any CPU.Build.0 = Debug|Any CPU
		{C2EA44B0-0E4A-44E4-8EBC-DE96E8ED9489}.Release|Any CPU.ActiveCfg = Release|Any CPU
		{C2EA44B0-0E4A-44E4-8EBC-DE96E8ED9489}.Release|Any CPU.Build.0 = Release|Any CPU
	EndGlobalSection
	GlobalSection(SolutionProperties) = preSolution
		HideSolutionNode = FALSE
	EndGlobalSection
	GlobalSection(ExtensibilityGlobals) = postSolution
		SolutionGuid = {DC5F0826-98D9-4A5D-AA95-44A76ACB415D}
	EndGlobalSection
EndGlobal
