
Microsoft Visual Studio Solution File, Format Version 12.00
# Visual Studio Version 16
VisualStudioVersion = 16.0.29728.190
MinimumVisualStudioVersion = 10.0.40219.1
Project("{FAE04EC0-301F-11D3-BF4B-00C04F79EFBC}") = "Task10", "Task10\Task10.csproj", "{02C1E1F4-3C97-4977-AC7E-DC8B7F15C573}"
EndProject
Global
	GlobalSection(SolutionConfigurationPlatforms) = preSolution
		Debug|Any CPU = Debug|Any CPU
		Release|Any CPU = Release|Any CPU
	EndGlobalSection
	GlobalSection(ProjectConfigurationPlatforms) = postSolution
		{02C1E1F4-3C97-4977-AC7E-DC8B7F15C573}.Debug|Any CPU.ActiveCfg = Debug|Any CPU
		{02C1E1F4-3C97-4977-AC7E-DC8B7F15C573}.Debug|Any CPU.Build.0 = Debug|Any CPU
		{02C1E1F4-3C97-4977-AC7E-DC8B7F15C573}.Release|Any CPU.ActiveCfg = Release|Any CPU
		{02C1E1F4-3C97-4977-AC7E-DC8B7F15C573}.Release|Any CPU.Build.0 = Release|Any CPU
	EndGlobalSection
	GlobalSection(SolutionProperties) = preSolution
		HideSolutionNode = FALSE
	EndGlobalSection
	GlobalSection(ExtensibilityGlobals) = postSolution
		SolutionGuid = {C192C1B2-BC1B-4A15-8127-71923F841B3F}
	EndGlobalSection
EndGlobal
